// !$*UTF8*$!
{
	archiveVersion = 1;
	classes = {
	};
	objectVersion = 56;
	objects = {

/* Begin PBXBuildFile section */
		CD0F7E752C5469D5000D3009 /* AppDelegate.swift in Sources */ = {isa = PBXBuildFile; fileRef = CD0F7E742C5469D5000D3009 /* AppDelegate.swift */; };
		CD0F7E772C5469D5000D3009 /* SceneDelegate.swift in Sources */ = {isa = PBXBuildFile; fileRef = CD0F7E762C5469D5000D3009 /* SceneDelegate.swift */; };
		CD0F7E792C5469D5000D3009 /* MainViewController.swift in Sources */ = {isa = PBXBuildFile; fileRef = CD0F7E782C5469D5000D3009 /* MainViewController.swift */; };
		CD0F7E7C2C5469D5000D3009 /* Base in Resources */ = {isa = PBXBuildFile; fileRef = CD0F7E7B2C5469D5000D3009 /* Base */; };
		CD0F7E7E2C5469D6000D3009 /* Assets.xcassets in Resources */ = {isa = PBXBuildFile; fileRef = CD0F7E7D2C5469D6000D3009 /* Assets.xcassets */; };
		CD0F7E8C2C5469D7000D3009 /* MVP_ArchitectureTests.swift in Sources */ = {isa = PBXBuildFile; fileRef = CD0F7E8B2C5469D7000D3009 /* MVP_ArchitectureTests.swift */; };
		CD0F7E962C5469D7000D3009 /* MVP_ArchitectureUITests.swift in Sources */ = {isa = PBXBuildFile; fileRef = CD0F7E952C5469D7000D3009 /* MVP_ArchitectureUITests.swift */; };
		CD0F7E982C5469D7000D3009 /* MVP_ArchitectureUITestsLaunchTests.swift in Sources */ = {isa = PBXBuildFile; fileRef = CD0F7E972C5469D7000D3009 /* MVP_ArchitectureUITestsLaunchTests.swift */; };
		CD0F7EA52C5469FE000D3009 /* Comment.swift in Sources */ = {isa = PBXBuildFile; fileRef = CD0F7EA42C5469FE000D3009 /* Comment.swift */; };
		CD0F7EA72C546A20000D3009 /* MainPresenter.swift in Sources */ = {isa = PBXBuildFile; fileRef = CD0F7EA62C546A20000D3009 /* MainPresenter.swift */; };
		CD0F7EAD2C546CB4000D3009 /* MainViewController.xib in Resources */ = {isa = PBXBuildFile; fileRef = CD0F7EAC2C546CB4000D3009 /* MainViewController.xib */; };
		CD0F7EAF2C546D46000D3009 /* ModuleBuilder.swift in Sources */ = {isa = PBXBuildFile; fileRef = CD0F7EAE2C546D46000D3009 /* ModuleBuilder.swift */; };
		CD0F7EB22C5470B4000D3009 /* MainPresenterTest.swift in Sources */ = {isa = PBXBuildFile; fileRef = CD0F7EB12C5470B4000D3009 /* MainPresenterTest.swift */; };
		CDC5EFBD2C549D1C005CE58E /* NetworkService.swift in Sources */ = {isa = PBXBuildFile; fileRef = CDC5EFBC2C549D1C005CE58E /* NetworkService.swift */; };
		CDC5EFC12C54A18D005CE58E /* DetailPresenter.swift in Sources */ = {isa = PBXBuildFile; fileRef = CDC5EFC02C54A18D005CE58E /* DetailPresenter.swift */; };
		CDC5EFC72C54A2D8005CE58E /* DetailViewController.xib in Resources */ = {isa = PBXBuildFile; fileRef = CDC5EFC62C54A2D8005CE58E /* DetailViewController.xib */; };
		CDC5EFC82C54A2D8005CE58E /* DetailViewController.swift in Sources */ = {isa = PBXBuildFile; fileRef = CDC5EFC52C54A2D8005CE58E /* DetailViewController.swift */; };
/* End PBXBuildFile section */

/* Begin PBXContainerItemProxy section */
		CD0F7E882C5469D7000D3009 /* PBXContainerItemProxy */ = {
			isa = PBXContainerItemProxy;
			containerPortal = CD0F7E692C5469D5000D3009 /* Project object */;
			proxyType = 1;
			remoteGlobalIDString = CD0F7E702C5469D5000D3009;
			remoteInfo = TestProjectTSD;
		};
		CDEE60BA2C547E7000EA269D /* PBXContainerItemProxy */ = {
			isa = PBXContainerItemProxy;
			containerPortal = CD0F7E692C5469D5000D3009 /* Project object */;
			proxyType = 1;
			remoteGlobalIDString = CD0F7E702C5469D5000D3009;
			remoteInfo = MVP_Architecture;
		};
/* End PBXContainerItemProxy section */

/* Begin PBXFileReference section */
		CD0F7E712C5469D5000D3009 /* MVP_Architecture.app */ = {isa = PBXFileReference; explicitFileType = wrapper.application; includeInIndex = 0; path = MVP_Architecture.app; sourceTree = BUILT_PRODUCTS_DIR; };
		CD0F7E742C5469D5000D3009 /* AppDelegate.swift */ = {isa = PBXFileReference; lastKnownFileType = sourcecode.swift; path = AppDelegate.swift; sourceTree = "<group>"; };
		CD0F7E762C5469D5000D3009 /* SceneDelegate.swift */ = {isa = PBXFileReference; lastKnownFileType = sourcecode.swift; path = SceneDelegate.swift; sourceTree = "<group>"; };
		CD0F7E782C5469D5000D3009 /* MainViewController.swift */ = {isa = PBXFileReference; lastKnownFileType = sourcecode.swift; path = MainViewController.swift; sourceTree = "<group>"; };
		CD0F7E7B2C5469D5000D3009 /* Base */ = {isa = PBXFileReference; lastKnownFileType = file.storyboard; name = Base; path = Base.lproj/Main.storyboard; sourceTree = "<group>"; };
		CD0F7E7D2C5469D6000D3009 /* Assets.xcassets */ = {isa = PBXFileReference; lastKnownFileType = folder.assetcatalog; path = Assets.xcassets; sourceTree = "<group>"; };
		CD0F7E802C5469D6000D3009 /* Base */ = {isa = PBXFileReference; lastKnownFileType = file.storyboard; name = Base; path = Base.lproj/LaunchScreen.storyboard; sourceTree = "<group>"; };
		CD0F7E822C5469D6000D3009 /* Info.plist */ = {isa = PBXFileReference; lastKnownFileType = text.plist.xml; path = Info.plist; sourceTree = "<group>"; };
		CD0F7E872C5469D7000D3009 /* MVP_ArchitectureTests.xctest */ = {isa = PBXFileReference; explicitFileType = wrapper.cfbundle; includeInIndex = 0; path = MVP_ArchitectureTests.xctest; sourceTree = BUILT_PRODUCTS_DIR; };
		CD0F7E8B2C5469D7000D3009 /* MVP_ArchitectureTests.swift */ = {isa = PBXFileReference; lastKnownFileType = sourcecode.swift; path = MVP_ArchitectureTests.swift; sourceTree = "<group>"; };
		CD0F7E912C5469D7000D3009 /* MVP_ArchitectureUITests.xctest */ = {isa = PBXFileReference; explicitFileType = wrapper.cfbundle; includeInIndex = 0; path = MVP_ArchitectureUITests.xctest; sourceTree = BUILT_PRODUCTS_DIR; };
		CD0F7E952C5469D7000D3009 /* MVP_ArchitectureUITests.swift */ = {isa = PBXFileReference; lastKnownFileType = sourcecode.swift; path = MVP_ArchitectureUITests.swift; sourceTree = "<group>"; };
		CD0F7E972C5469D7000D3009 /* MVP_ArchitectureUITestsLaunchTests.swift */ = {isa = PBXFileReference; lastKnownFileType = sourcecode.swift; path = MVP_ArchitectureUITestsLaunchTests.swift; sourceTree = "<group>"; };
		CD0F7EA42C5469FE000D3009 /* Comment.swift */ = {isa = PBXFileReference; lastKnownFileType = sourcecode.swift; path = Comment.swift; sourceTree = "<group>"; };
		CD0F7EA62C546A20000D3009 /* MainPresenter.swift */ = {isa = PBXFileReference; lastKnownFileType = sourcecode.swift; path = MainPresenter.swift; sourceTree = "<group>"; };
		CD0F7EAC2C546CB4000D3009 /* MainViewController.xib */ = {isa = PBXFileReference; lastKnownFileType = file.xib; path = MainViewController.xib; sourceTree = "<group>"; };
		CD0F7EAE2C546D46000D3009 /* ModuleBuilder.swift */ = {isa = PBXFileReference; lastKnownFileType = sourcecode.swift; path = ModuleBuilder.swift; sourceTree = "<group>"; };
		CD0F7EB12C5470B4000D3009 /* MainPresenterTest.swift */ = {isa = PBXFileReference; lastKnownFileType = sourcecode.swift; path = MainPresenterTest.swift; sourceTree = "<group>"; };
		CDC5EFBC2C549D1C005CE58E /* NetworkService.swift */ = {isa = PBXFileReference; lastKnownFileType = sourcecode.swift; path = NetworkService.swift; sourceTree = "<group>"; };
		CDC5EFC02C54A18D005CE58E /* DetailPresenter.swift */ = {isa = PBXFileReference; lastKnownFileType = sourcecode.swift; path = DetailPresenter.swift; sourceTree = "<group>"; };
		CDC5EFC52C54A2D8005CE58E /* DetailViewController.swift */ = {isa = PBXFileReference; lastKnownFileType = sourcecode.swift; path = DetailViewController.swift; sourceTree = "<group>"; };
		CDC5EFC62C54A2D8005CE58E /* DetailViewController.xib */ = {isa = PBXFileReference; lastKnownFileType = file.xib; path = DetailViewController.xib; sourceTree = "<group>"; };
/* End PBXFileReference section */

/* Begin PBXFrameworksBuildPhase section */
		CD0F7E6E2C5469D5000D3009 /* Frameworks */ = {
			isa = PBXFrameworksBuildPhase;
			buildActionMask = 2147483647;
			files = (
			);
			runOnlyForDeploymentPostprocessing = 0;
		};
		CD0F7E842C5469D7000D3009 /* Frameworks */ = {
			isa = PBXFrameworksBuildPhase;
			buildActionMask = 2147483647;
			files = (
			);
			runOnlyForDeploymentPostprocessing = 0;
		};
		CD0F7E8E2C5469D7000D3009 /* Frameworks */ = {
			isa = PBXFrameworksBuildPhase;
			buildActionMask = 2147483647;
			files = (
			);
			runOnlyForDeploymentPostprocessing = 0;
		};
/* End PBXFrameworksBuildPhase section */

/* Begin PBXGroup section */
		CD0F7E682C5469D5000D3009 = {
			isa = PBXGroup;
			children = (
				CD0F7E732C5469D5000D3009 /* MVP_Architecture */,
				CD0F7E8A2C5469D7000D3009 /* MVP_ArchitectureTests */,
				CD0F7E942C5469D7000D3009 /* MVP_ArchitectureUITests */,
				CD0F7E722C5469D5000D3009 /* Products */,
			);
			sourceTree = "<group>";
		};
		CD0F7E722C5469D5000D3009 /* Products */ = {
			isa = PBXGroup;
			children = (
				CD0F7E712C5469D5000D3009 /* MVP_Architecture.app */,
				CD0F7E872C5469D7000D3009 /* MVP_ArchitectureTests.xctest */,
				CD0F7E912C5469D7000D3009 /* MVP_ArchitectureUITests.xctest */,
			);
			name = Products;
			sourceTree = "<group>";
		};
		CD0F7E732C5469D5000D3009 /* MVP_Architecture */ = {
			isa = PBXGroup;
			children = (
				CD0F7E742C5469D5000D3009 /* AppDelegate.swift */,
				CD0F7E7D2C5469D6000D3009 /* Assets.xcassets */,
				CDC5EFC22C54A26A005CE58E /* DetailModule */,
				CD0F7E822C5469D6000D3009 /* Info.plist */,
				CD0F7E7F2C5469D6000D3009 /* LaunchScreen.storyboard */,
				CD0F7E7A2C5469D5000D3009 /* Main.storyboard */,
				CD0F7EA82C546C71000D3009 /* MainModule */,
				CD0F7EAE2C546D46000D3009 /* ModuleBuilder.swift */,
				CD0F7E762C5469D5000D3009 /* SceneDelegate.swift */,
				CDC5EFBF2C549D2B005CE58E /* ServiceLayer */,
			);
			path = MVP_Architecture;
			sourceTree = "<group>";
		};
		CD0F7E8A2C5469D7000D3009 /* MVP_ArchitectureTests */ = {
			isa = PBXGroup;
			children = (
				CD0F7EB02C5470A0000D3009 /* TestMainModule */,
				CD0F7E8B2C5469D7000D3009 /* MVP_ArchitectureTests.swift */,
			);
			path = MVP_ArchitectureTests;
			sourceTree = "<group>";
		};
		CD0F7E942C5469D7000D3009 /* MVP_ArchitectureUITests */ = {
			isa = PBXGroup;
			children = (
				CD0F7E952C5469D7000D3009 /* MVP_ArchitectureUITests.swift */,
				CD0F7E972C5469D7000D3009 /* MVP_ArchitectureUITestsLaunchTests.swift */,
			);
			path = MVP_ArchitectureUITests;
			sourceTree = "<group>";
		};
		CD0F7EA82C546C71000D3009 /* MainModule */ = {
			isa = PBXGroup;
			children = (
				CD0F7EAA2C546C88000D3009 /* Model */,
				CD0F7EAB2C546C8C000D3009 /* Presenter */,
				CD0F7EA92C546C86000D3009 /* View */,
			);
			path = MainModule;
			sourceTree = "<group>";
		};
		CD0F7EA92C546C86000D3009 /* View */ = {
			isa = PBXGroup;
			children = (
				CD0F7E782C5469D5000D3009 /* MainViewController.swift */,
				CD0F7EAC2C546CB4000D3009 /* MainViewController.xib */,
			);
			path = View;
			sourceTree = "<group>";
		};
		CD0F7EAA2C546C88000D3009 /* Model */ = {
			isa = PBXGroup;
			children = (
				CD0F7EA42C5469FE000D3009 /* Comment.swift */,
			);
			path = Model;
			sourceTree = "<group>";
		};
		CD0F7EAB2C546C8C000D3009 /* Presenter */ = {
			isa = PBXGroup;
			children = (
				CD0F7EA62C546A20000D3009 /* MainPresenter.swift */,
			);
			path = Presenter;
			sourceTree = "<group>";
		};
		CD0F7EB02C5470A0000D3009 /* TestMainModule */ = {
			isa = PBXGroup;
			children = (
				CD0F7EB12C5470B4000D3009 /* MainPresenterTest.swift */,
			);
			path = TestMainModule;
			sourceTree = "<group>";
		};
		CDC5EFBF2C549D2B005CE58E /* ServiceLayer */ = {
			isa = PBXGroup;
			children = (
				CDC5EFBC2C549D1C005CE58E /* NetworkService.swift */,
			);
			path = ServiceLayer;
			sourceTree = "<group>";
		};
		CDC5EFC22C54A26A005CE58E /* DetailModule */ = {
			isa = PBXGroup;
			children = (
				CDC5EFC42C54A2B6005CE58E /* View */,
				CDC5EFC32C54A26F005CE58E /* Presenter */,
			);
			path = DetailModule;
			sourceTree = "<group>";
		};
		CDC5EFC32C54A26F005CE58E /* Presenter */ = {
			isa = PBXGroup;
			children = (
				CDC5EFC02C54A18D005CE58E /* DetailPresenter.swift */,
			);
			path = Presenter;
			sourceTree = "<group>";
		};
		CDC5EFC42C54A2B6005CE58E /* View */ = {
			isa = PBXGroup;
			children = (
				CDC5EFC52C54A2D8005CE58E /* DetailViewController.swift */,
				CDC5EFC62C54A2D8005CE58E /* DetailViewController.xib */,
			);
			path = View;
			sourceTree = "<group>";
		};
/* End PBXGroup section */

/* Begin PBXNativeTarget section */
		CD0F7E702C5469D5000D3009 /* MVP_Architecture */ = {
			isa = PBXNativeTarget;
			buildConfigurationList = CD0F7E9B2C5469D7000D3009 /* Build configuration list for PBXNativeTarget "MVP_Architecture" */;
			buildPhases = (
				CD0F7E6D2C5469D5000D3009 /* Sources */,
				CD0F7E6E2C5469D5000D3009 /* Frameworks */,
				CD0F7E6F2C5469D5000D3009 /* Resources */,
			);
			buildRules = (
			);
			dependencies = (
			);
			name = MVP_Architecture;
			productName = TestProjectTSD;
			productReference = CD0F7E712C5469D5000D3009 /* MVP_Architecture.app */;
			productType = "com.apple.product-type.application";
		};
		CD0F7E862C5469D7000D3009 /* MVP_ArchitectureTests */ = {
			isa = PBXNativeTarget;
			buildConfigurationList = CD0F7E9E2C5469D7000D3009 /* Build configuration list for PBXNativeTarget "MVP_ArchitectureTests" */;
			buildPhases = (
				CD0F7E832C5469D7000D3009 /* Sources */,
				CD0F7E842C5469D7000D3009 /* Frameworks */,
				CD0F7E852C5469D7000D3009 /* Resources */,
			);
			buildRules = (
			);
			dependencies = (
				CD0F7E892C5469D7000D3009 /* PBXTargetDependency */,
			);
			name = MVP_ArchitectureTests;
			productName = TestProjectTSDTests;
			productReference = CD0F7E872C5469D7000D3009 /* MVP_ArchitectureTests.xctest */;
			productType = "com.apple.product-type.bundle.unit-test";
		};
		CD0F7E902C5469D7000D3009 /* MVP_ArchitectureUITests */ = {
			isa = PBXNativeTarget;
			buildConfigurationList = CD0F7EA12C5469D7000D3009 /* Build configuration list for PBXNativeTarget "MVP_ArchitectureUITests" */;
			buildPhases = (
				CD0F7E8D2C5469D7000D3009 /* Sources */,
				CD0F7E8E2C5469D7000D3009 /* Frameworks */,
				CD0F7E8F2C5469D7000D3009 /* Resources */,
			);
			buildRules = (
			);
			dependencies = (
				CDEE60BB2C547E7000EA269D /* PBXTargetDependency */,
			);
			name = MVP_ArchitectureUITests;
			productName = TestProjectTSDUITests;
			productReference = CD0F7E912C5469D7000D3009 /* MVP_ArchitectureUITests.xctest */;
			productType = "com.apple.product-type.bundle.ui-testing";
		};
/* End PBXNativeTarget section */

/* Begin PBXProject section */
		CD0F7E692C5469D5000D3009 /* Project object */ = {
			isa = PBXProject;
			attributes = {
				BuildIndependentTargetsInParallel = 1;
				LastSwiftUpdateCheck = 1530;
				LastUpgradeCheck = 1530;
				TargetAttributes = {
					CD0F7E702C5469D5000D3009 = {
						CreatedOnToolsVersion = 15.3;
					};
					CD0F7E862C5469D7000D3009 = {
						CreatedOnToolsVersion = 15.3;
						TestTargetID = CD0F7E702C5469D5000D3009;
					};
					CD0F7E902C5469D7000D3009 = {
						CreatedOnToolsVersion = 15.3;
						TestTargetID = CD0F7E702C5469D5000D3009;
					};
				};
			};
			buildConfigurationList = CD0F7E6C2C5469D5000D3009 /* Build configuration list for PBXProject "MVP_Architecture" */;
			compatibilityVersion = "Xcode 14.0";
			developmentRegion = en;
			hasScannedForEncodings = 0;
			knownRegions = (
				en,
				Base,
			);
			mainGroup = CD0F7E682C5469D5000D3009;
			productRefGroup = CD0F7E722C5469D5000D3009 /* Products */;
			projectDirPath = "";
			projectRoot = "";
			targets = (
				CD0F7E702C5469D5000D3009 /* MVP_Architecture */,
				CD0F7E862C5469D7000D3009 /* MVP_ArchitectureTests */,
				CD0F7E902C5469D7000D3009 /* MVP_ArchitectureUITests */,
			);
		};
/* End PBXProject section */

/* Begin PBXResourcesBuildPhase section */
		CD0F7E6F2C5469D5000D3009 /* Resources */ = {
			isa = PBXResourcesBuildPhase;
			buildActionMask = 2147483647;
			files = (
				CD0F7E7E2C5469D6000D3009 /* Assets.xcassets in Resources */,
				CD0F7E7C2C5469D5000D3009 /* Base in Resources */,
				CD0F7EAD2C546CB4000D3009 /* MainViewController.xib in Resources */,
				CDC5EFC72C54A2D8005CE58E /* DetailViewController.xib in Resources */,
			);
			runOnlyForDeploymentPostprocessing = 0;
		};
		CD0F7E852C5469D7000D3009 /* Resources */ = {
			isa = PBXResourcesBuildPhase;
			buildActionMask = 2147483647;
			files = (
			);
			runOnlyForDeploymentPostprocessing = 0;
		};
		CD0F7E8F2C5469D7000D3009 /* Resources */ = {
			isa = PBXResourcesBuildPhase;
			buildActionMask = 2147483647;
			files = (
			);
			runOnlyForDeploymentPostprocessing = 0;
		};
/* End PBXResourcesBuildPhase section */

/* Begin PBXSourcesBuildPhase section */
		CD0F7E6D2C5469D5000D3009 /* Sources */ = {
			isa = PBXSourcesBuildPhase;
			buildActionMask = 2147483647;
			files = (
				CDC5EFC82C54A2D8005CE58E /* DetailViewController.swift in Sources */,
				CD0F7E792C5469D5000D3009 /* MainViewController.swift in Sources */,
				CD0F7E752C5469D5000D3009 /* AppDelegate.swift in Sources */,
				CD0F7EA52C5469FE000D3009 /* Comment.swift in Sources */,
				CDC5EFC12C54A18D005CE58E /* DetailPresenter.swift in Sources */,
				CD0F7E772C5469D5000D3009 /* SceneDelegate.swift in Sources */,
				CD0F7EA72C546A20000D3009 /* MainPresenter.swift in Sources */,
				CD0F7EAF2C546D46000D3009 /* ModuleBuilder.swift in Sources */,
				CDC5EFBD2C549D1C005CE58E /* NetworkService.swift in Sources */,
			);
			runOnlyForDeploymentPostprocessing = 0;
		};
		CD0F7E832C5469D7000D3009 /* Sources */ = {
			isa = PBXSourcesBuildPhase;
			buildActionMask = 2147483647;
			files = (
				CD0F7E8C2C5469D7000D3009 /* MVP_ArchitectureTests.swift in Sources */,
				CD0F7EB22C5470B4000D3009 /* MainPresenterTest.swift in Sources */,
			);
			runOnlyForDeploymentPostprocessing = 0;
		};
		CD0F7E8D2C5469D7000D3009 /* Sources */ = {
			isa = PBXSourcesBuildPhase;
			buildActionMask = 2147483647;
			files = (
				CD0F7E982C5469D7000D3009 /* MVP_ArchitectureUITestsLaunchTests.swift in Sources */,
				CD0F7E962C5469D7000D3009 /* MVP_ArchitectureUITests.swift in Sources */,
			);
			runOnlyForDeploymentPostprocessing = 0;
		};
/* End PBXSourcesBuildPhase section */

/* Begin PBXTargetDependency section */
		CD0F7E892C5469D7000D3009 /* PBXTargetDependency */ = {
			isa = PBXTargetDependency;
			target = CD0F7E702C5469D5000D3009 /* MVP_Architecture */;
			targetProxy = CD0F7E882C5469D7000D3009 /* PBXContainerItemProxy */;
		};
		CDEE60BB2C547E7000EA269D /* PBXTargetDependency */ = {
			isa = PBXTargetDependency;
			target = CD0F7E702C5469D5000D3009 /* MVP_Architecture */;
			targetProxy = CDEE60BA2C547E7000EA269D /* PBXContainerItemProxy */;
		};
/* End PBXTargetDependency section */

/* Begin PBXVariantGroup section */
		CD0F7E7A2C5469D5000D3009 /* Main.storyboard */ = {
			isa = PBXVariantGroup;
			children = (
				CD0F7E7B2C5469D5000D3009 /* Base */,
			);
			name = Main.storyboard;
			sourceTree = "<group>";
		};
		CD0F7E7F2C5469D6000D3009 /* LaunchScreen.storyboard */ = {
			isa = PBXVariantGroup;
			children = (
				CD0F7E802C5469D6000D3009 /* Base */,
			);
			name = LaunchScreen.storyboard;
			sourceTree = "<group>";
		};
/* End PBXVariantGroup section */

/* Begin XCBuildConfiguration section */
		CD0F7E992C5469D7000D3009 /* Debug */ = {
			isa = XCBuildConfiguration;
			buildSettings = {
				ALWAYS_SEARCH_USER_PATHS = NO;
				ASSETCATALOG_COMPILER_GENERATE_SWIFT_ASSET_SYMBOL_EXTENSIONS = YES;
				CLANG_ANALYZER_NONNULL = YES;
				CLANG_ANALYZER_NUMBER_OBJECT_CONVERSION = YES_AGGRESSIVE;
				CLANG_CXX_LANGUAGE_STANDARD = "gnu++20";
				CLANG_ENABLE_MODULES = YES;
				CLANG_ENABLE_OBJC_ARC = YES;
				CLANG_ENABLE_OBJC_WEAK = YES;
				CLANG_WARN_BLOCK_CAPTURE_AUTORELEASING = YES;
				CLANG_WARN_BOOL_CONVERSION = YES;
				CLANG_WARN_COMMA = YES;
				CLANG_WARN_CONSTANT_CONVERSION = YES;
				CLANG_WARN_DEPRECATED_OBJC_IMPLEMENTATIONS = YES;
				CLANG_WARN_DIRECT_OBJC_ISA_USAGE = YES_ERROR;
				CLANG_WARN_DOCUMENTATION_COMMENTS = YES;
				CLANG_WARN_EMPTY_BODY = YES;
				CLANG_WARN_ENUM_CONVERSION = YES;
				CLANG_WARN_INFINITE_RECURSION = YES;
				CLANG_WARN_INT_CONVERSION = YES;
				CLANG_WARN_NON_LITERAL_NULL_CONVERSION = YES;
				CLANG_WARN_OBJC_IMPLICIT_RETAIN_SELF = YES;
				CLANG_WARN_OBJC_LITERAL_CONVERSION = YES;
				CLANG_WARN_OBJC_ROOT_CLASS = YES_ERROR;
				CLANG_WARN_QUOTED_INCLUDE_IN_FRAMEWORK_HEADER = YES;
				CLANG_WARN_RANGE_LOOP_ANALYSIS = YES;
				CLANG_WARN_STRICT_PROTOTYPES = YES;
				CLANG_WARN_SUSPICIOUS_MOVE = YES;
				CLANG_WARN_UNGUARDED_AVAILABILITY = YES_AGGRESSIVE;
				CLANG_WARN_UNREACHABLE_CODE = YES;
				CLANG_WARN__DUPLICATE_METHOD_MATCH = YES;
				COPY_PHASE_STRIP = NO;
				DEBUG_INFORMATION_FORMAT = dwarf;
				ENABLE_STRICT_OBJC_MSGSEND = YES;
				ENABLE_TESTABILITY = YES;
				ENABLE_USER_SCRIPT_SANDBOXING = YES;
				GCC_C_LANGUAGE_STANDARD = gnu17;
				GCC_DYNAMIC_NO_PIC = NO;
				GCC_NO_COMMON_BLOCKS = YES;
				GCC_OPTIMIZATION_LEVEL = 0;
				GCC_PREPROCESSOR_DEFINITIONS = (
					"DEBUG=1",
					"$(inherited)",
				);
				GCC_WARN_64_TO_32_BIT_CONVERSION = YES;
				GCC_WARN_ABOUT_RETURN_TYPE = YES_ERROR;
				GCC_WARN_UNDECLARED_SELECTOR = YES;
				GCC_WARN_UNINITIALIZED_AUTOS = YES_AGGRESSIVE;
				GCC_WARN_UNUSED_FUNCTION = YES;
				GCC_WARN_UNUSED_VARIABLE = YES;
				IPHONEOS_DEPLOYMENT_TARGET = 17.4;
				LOCALIZATION_PREFERS_STRING_CATALOGS = YES;
				MTL_ENABLE_DEBUG_INFO = INCLUDE_SOURCE;
				MTL_FAST_MATH = YES;
				ONLY_ACTIVE_ARCH = YES;
				SDKROOT = iphoneos;
				SWIFT_ACTIVE_COMPILATION_CONDITIONS = "DEBUG $(inherited)";
				SWIFT_OPTIMIZATION_LEVEL = "-Onone";
			};
			name = Debug;
		};
		CD0F7E9A2C5469D7000D3009 /* Release */ = {
			isa = XCBuildConfiguration;
			buildSettings = {
				ALWAYS_SEARCH_USER_PATHS = NO;
				ASSETCATALOG_COMPILER_GENERATE_SWIFT_ASSET_SYMBOL_EXTENSIONS = YES;
				CLANG_ANALYZER_NONNULL = YES;
				CLANG_ANALYZER_NUMBER_OBJECT_CONVERSION = YES_AGGRESSIVE;
				CLANG_CXX_LANGUAGE_STANDARD = "gnu++20";
				CLANG_ENABLE_MODULES = YES;
				CLANG_ENABLE_OBJC_ARC = YES;
				CLANG_ENABLE_OBJC_WEAK = YES;
				CLANG_WARN_BLOCK_CAPTURE_AUTORELEASING = YES;
				CLANG_WARN_BOOL_CONVERSION = YES;
				CLANG_WARN_COMMA = YES;
				CLANG_WARN_CONSTANT_CONVERSION = YES;
				CLANG_WARN_DEPRECATED_OBJC_IMPLEMENTATIONS = YES;
				CLANG_WARN_DIRECT_OBJC_ISA_USAGE = YES_ERROR;
				CLANG_WARN_DOCUMENTATION_COMMENTS = YES;
				CLANG_WARN_EMPTY_BODY = YES;
				CLANG_WARN_ENUM_CONVERSION = YES;
				CLANG_WARN_INFINITE_RECURSION = YES;
				CLANG_WARN_INT_CONVERSION = YES;
				CLANG_WARN_NON_LITERAL_NULL_CONVERSION = YES;
				CLANG_WARN_OBJC_IMPLICIT_RETAIN_SELF = YES;
				CLANG_WARN_OBJC_LITERAL_CONVERSION = YES;
				CLANG_WARN_OBJC_ROOT_CLASS = YES_ERROR;
				CLANG_WARN_QUOTED_INCLUDE_IN_FRAMEWORK_HEADER = YES;
				CLANG_WARN_RANGE_LOOP_ANALYSIS = YES;
				CLANG_WARN_STRICT_PROTOTYPES = YES;
				CLANG_WARN_SUSPICIOUS_MOVE = YES;
				CLANG_WARN_UNGUARDED_AVAILABILITY = YES_AGGRESSIVE;
				CLANG_WARN_UNREACHABLE_CODE = YES;
				CLANG_WARN__DUPLICATE_METHOD_MATCH = YES;
				COPY_PHASE_STRIP = NO;
				DEBUG_INFORMATION_FORMAT = "dwarf-with-dsym";
				ENABLE_NS_ASSERTIONS = NO;
				ENABLE_STRICT_OBJC_MSGSEND = YES;
				ENABLE_USER_SCRIPT_SANDBOXING = YES;
				GCC_C_LANGUAGE_STANDARD = gnu17;
				GCC_NO_COMMON_BLOCKS = YES;
				GCC_WARN_64_TO_32_BIT_CONVERSION = YES;
				GCC_WARN_ABOUT_RETURN_TYPE = YES_ERROR;
				GCC_WARN_UNDECLARED_SELECTOR = YES;
				GCC_WARN_UNINITIALIZED_AUTOS = YES_AGGRESSIVE;
				GCC_WARN_UNUSED_FUNCTION = YES;
				GCC_WARN_UNUSED_VARIABLE = YES;
				IPHONEOS_DEPLOYMENT_TARGET = 17.4;
				LOCALIZATION_PREFERS_STRING_CATALOGS = YES;
				MTL_ENABLE_DEBUG_INFO = NO;
				MTL_FAST_MATH = YES;
				SDKROOT = iphoneos;
				SWIFT_COMPILATION_MODE = wholemodule;
				VALIDATE_PRODUCT = YES;
			};
			name = Release;
		};
		CD0F7E9C2C5469D7000D3009 /* Debug */ = {
			isa = XCBuildConfiguration;
			buildSettings = {
				ASSETCATALOG_COMPILER_APPICON_NAME = AppIcon;
				ASSETCATALOG_COMPILER_GLOBAL_ACCENT_COLOR_NAME = AccentColor;
				CODE_SIGN_STYLE = Automatic;
				CURRENT_PROJECT_VERSION = 1;
				DEVELOPMENT_TEAM = HN9GG893K9;
				GENERATE_INFOPLIST_FILE = YES;
				INFOPLIST_FILE = MVP_Architecture/Info.plist;
				INFOPLIST_KEY_UIApplicationSupportsIndirectInputEvents = YES;
				INFOPLIST_KEY_UILaunchStoryboardName = LaunchScreen;
				INFOPLIST_KEY_UIMainStoryboardFile = Main;
				INFOPLIST_KEY_UISupportedInterfaceOrientations_iPad = "UIInterfaceOrientationPortrait UIInterfaceOrientationPortraitUpsideDown UIInterfaceOrientationLandscapeLeft UIInterfaceOrientationLandscapeRight";
				INFOPLIST_KEY_UISupportedInterfaceOrientations_iPhone = "UIInterfaceOrientationPortrait UIInterfaceOrientationLandscapeLeft UIInterfaceOrientationLandscapeRight";
				LD_RUNPATH_SEARCH_PATHS = (
					"$(inherited)",
					"@executable_path/Frameworks",
				);
				MARKETING_VERSION = 1.0;
				PRODUCT_BUNDLE_IDENTIFIER = com.denysooz.TestProjectTSD;
				PRODUCT_NAME = "$(TARGET_NAME)";
				SWIFT_EMIT_LOC_STRINGS = YES;
				SWIFT_VERSION = 5.0;
				TARGETED_DEVICE_FAMILY = "1,2";
			};
			name = Debug;
		};
		CD0F7E9D2C5469D7000D3009 /* Release */ = {
			isa = XCBuildConfiguration;
			buildSettings = {
				ASSETCATALOG_COMPILER_APPICON_NAME = AppIcon;
				ASSETCATALOG_COMPILER_GLOBAL_ACCENT_COLOR_NAME = AccentColor;
				CODE_SIGN_STYLE = Automatic;
				CURRENT_PROJECT_VERSION = 1;
				DEVELOPMENT_TEAM = HN9GG893K9;
				GENERATE_INFOPLIST_FILE = YES;
				INFOPLIST_FILE = MVP_Architecture/Info.plist;
				INFOPLIST_KEY_UIApplicationSupportsIndirectInputEvents = YES;
				INFOPLIST_KEY_UILaunchStoryboardName = LaunchScreen;
				INFOPLIST_KEY_UIMainStoryboardFile = Main;
				INFOPLIST_KEY_UISupportedInterfaceOrientations_iPad = "UIInterfaceOrientationPortrait UIInterfaceOrientationPortraitUpsideDown UIInterfaceOrientationLandscapeLeft UIInterfaceOrientationLandscapeRight";
				INFOPLIST_KEY_UISupportedInterfaceOrientations_iPhone = "UIInterfaceOrientationPortrait UIInterfaceOrientationLandscapeLeft UIInterfaceOrientationLandscapeRight";
				LD_RUNPATH_SEARCH_PATHS = (
					"$(inherited)",
					"@executable_path/Frameworks",
				);
				MARKETING_VERSION = 1.0;
				PRODUCT_BUNDLE_IDENTIFIER = com.denysooz.TestProjectTSD;
				PRODUCT_NAME = "$(TARGET_NAME)";
				SWIFT_EMIT_LOC_STRINGS = YES;
				SWIFT_VERSION = 5.0;
				TARGETED_DEVICE_FAMILY = "1,2";
			};
			name = Release;
		};
		CD0F7E9F2C5469D7000D3009 /* Debug */ = {
			isa = XCBuildConfiguration;
			buildSettings = {
				ALWAYS_EMBED_SWIFT_STANDARD_LIBRARIES = YES;
				BUNDLE_LOADER = "$(TEST_HOST)";
				CODE_SIGN_STYLE = Automatic;
				CURRENT_PROJECT_VERSION = 1;
				DEVELOPMENT_TEAM = HN9GG893K9;
				GENERATE_INFOPLIST_FILE = YES;
				IPHONEOS_DEPLOYMENT_TARGET = 17.4;
				MARKETING_VERSION = 1.0;
				PRODUCT_BUNDLE_IDENTIFIER = com.denysooz.TestProjectTSDTests;
				PRODUCT_NAME = "$(TARGET_NAME)";
				SWIFT_EMIT_LOC_STRINGS = NO;
				SWIFT_VERSION = 5.0;
				TARGETED_DEVICE_FAMILY = "1,2";
				TEST_HOST = "$(BUILT_PRODUCTS_DIR)/MVP_Architecture.app/$(BUNDLE_EXECUTABLE_FOLDER_PATH)/MVP_Architecture";
			};
			name = Debug;
		};
		CD0F7EA02C5469D7000D3009 /* Release */ = {
			isa = XCBuildConfiguration;
			buildSettings = {
				ALWAYS_EMBED_SWIFT_STANDARD_LIBRARIES = YES;
				BUNDLE_LOADER = "$(TEST_HOST)";
				CODE_SIGN_STYLE = Automatic;
				CURRENT_PROJECT_VERSION = 1;
				DEVELOPMENT_TEAM = HN9GG893K9;
				GENERATE_INFOPLIST_FILE = YES;
				IPHONEOS_DEPLOYMENT_TARGET = 17.4;
				MARKETING_VERSION = 1.0;
				PRODUCT_BUNDLE_IDENTIFIER = com.denysooz.TestProjectTSDTests;
				PRODUCT_NAME = "$(TARGET_NAME)";
				SWIFT_EMIT_LOC_STRINGS = NO;
				SWIFT_VERSION = 5.0;
				TARGETED_DEVICE_FAMILY = "1,2";
				TEST_HOST = "$(BUILT_PRODUCTS_DIR)/MVP_Architecture.app/$(BUNDLE_EXECUTABLE_FOLDER_PATH)/MVP_Architecture";
			};
			name = Release;
		};
		CD0F7EA22C5469D7000D3009 /* Debug */ = {
			isa = XCBuildConfiguration;
			buildSettings = {
				ALWAYS_EMBED_SWIFT_STANDARD_LIBRARIES = YES;
				CODE_SIGN_STYLE = Automatic;
				CURRENT_PROJECT_VERSION = 1;
				DEVELOPMENT_TEAM = HN9GG893K9;
				GENERATE_INFOPLIST_FILE = YES;
				MARKETING_VERSION = 1.0;
				PRODUCT_BUNDLE_IDENTIFIER = com.denysooz.TestProjectTSDUITests;
				PRODUCT_NAME = "$(TARGET_NAME)";
				PROVISIONING_PROFILE = "";
				SWIFT_EMIT_LOC_STRINGS = NO;
				SWIFT_VERSION = 5.0;
				TARGETED_DEVICE_FAMILY = "1,2";
				TEST_TARGET_NAME = MVP_Architecture;
			};
			name = Debug;
		};
		CD0F7EA32C5469D7000D3009 /* Release */ = {
			isa = XCBuildConfiguration;
			buildSettings = {
				ALWAYS_EMBED_SWIFT_STANDARD_LIBRARIES = YES;
				CODE_SIGN_STYLE = Automatic;
				CURRENT_PROJECT_VERSION = 1;
				DEVELOPMENT_TEAM = HN9GG893K9;
				GENERATE_INFOPLIST_FILE = YES;
				MARKETING_VERSION = 1.0;
				PRODUCT_BUNDLE_IDENTIFIER = com.denysooz.TestProjectTSDUITests;
				PRODUCT_NAME = "$(TARGET_NAME)";
				PROVISIONING_PROFILE = "";
				SWIFT_EMIT_LOC_STRINGS = NO;
				SWIFT_VERSION = 5.0;
				TARGETED_DEVICE_FAMILY = "1,2";
				TEST_TARGET_NAME = MVP_Architecture;
			};
			name = Release;
		};
/* End XCBuildConfiguration section */

/* Begin XCConfigurationList section */
		CD0F7E6C2C5469D5000D3009 /* Build configuration list for PBXProject "MVP_Architecture" */ = {
			isa = XCConfigurationList;
			buildConfigurations = (
				CD0F7E992C5469D7000D3009 /* Debug */,
				CD0F7E9A2C5469D7000D3009 /* Release */,
			);
			defaultConfigurationIsVisible = 0;
			defaultConfigurationName = Release;
		};
		CD0F7E9B2C5469D7000D3009 /* Build configuration list for PBXNativeTarget "MVP_Architecture" */ = {
			isa = XCConfigurationList;
			buildConfigurations = (
				CD0F7E9C2C5469D7000D3009 /* Debug */,
				CD0F7E9D2C5469D7000D3009 /* Release */,
			);
			defaultConfigurationIsVisible = 0;
			defaultConfigurationName = Release;
		};
		CD0F7E9E2C5469D7000D3009 /* Build configuration list for PBXNativeTarget "MVP_ArchitectureTests" */ = {
			isa = XCConfigurationList;
			buildConfigurations = (
				CD0F7E9F2C5469D7000D3009 /* Debug */,
				CD0F7EA02C5469D7000D3009 /* Release */,
			);
			defaultConfigurationIsVisible = 0;
			defaultConfigurationName = Release;
		};
		CD0F7EA12C5469D7000D3009 /* Build configuration list for PBXNativeTarget "MVP_ArchitectureUITests" */ = {
			isa = XCConfigurationList;
			buildConfigurations = (
				CD0F7EA22C5469D7000D3009 /* Debug */,
				CD0F7EA32C5469D7000D3009 /* Release */,
			);
			defaultConfigurationIsVisible = 0;
			defaultConfigurationName = Release;
		};
/* End XCConfigurationList section */
	};
	rootObject = CD0F7E692C5469D5000D3009 /* Project object */;
}
